
Microsoft Visual Studio Solution File, Format Version 12.00
# Visual Studio Version 17
VisualStudioVersion = 17.6.33815.320
MinimumVisualStudioVersion = 10.0.40219.1
Project("{FAE04EC0-301F-11D3-BF4B-00C04F79EFBC}") = "LeetCode", "LeetCode\LeetCode.csproj", "{D796DA29-3D32-428A-BE50-F3B9A686F3DF}"
EndProject
Global
	GlobalSection(SolutionConfigurationPlatforms) = preSolution
		Debug|Any CPU = Debug|Any CPU
		Release|Any CPU = Release|Any CPU
	EndGlobalSection
	GlobalSection(ProjectConfigurationPlatforms) = postSolution
		{D796DA29-3D32-428A-BE50-F3B9A686F3DF}.Debug|Any CPU.ActiveCfg = Debug|Any CPU
		{D796DA29-3D32-428A-BE50-F3B9A686F3DF}.Debug|Any CPU.Build.0 = Debug|Any CPU
		{D796DA29-3D32-428A-BE50-F3B9A686F3DF}.Release|Any CPU.ActiveCfg = Release|Any CPU
		{D796DA29-3D32-428A-BE50-F3B9A686F3DF}.Release|Any CPU.Build.0 = Release|Any CPU
	EndGlobalSection
	GlobalSection(SolutionProperties) = preSolution
		HideSolutionNode = FALSE
	EndGlobalSection
	GlobalSection(ExtensibilityGlobals) = postSolution
		SolutionGuid = {B18008E0-BD32-4C6F-88C7-FF0155B633F1}
	EndGlobalSection
EndGlobal
